
Microsoft Visual Studio Solution File, Format Version 12.00
# Visual Studio Version 18
VisualStudioVersion = 18.10.12201.205
MinimumVisualStudioVersion = 10.0.40219.1
Project("{F184B08F-C81C-45F6-A57F-5ABD9991F28F}") = "Geometry", "Geometry\Geometry.vbproj", "{4030DFDF-B8BC-4A3E-A351-DD179055DE17}"
EndProject
Project("{2150E333-8FDC-42A3-9474-1A3956D46DE8}") = "Projektmappenelemente", "Projektmappenelemente", "{9D9B9F78-6221-4606-959D-C125CA871F98}"
	ProjectSection(SolutionItems) = preProject
		.gitattributes = .gitattributes
		.gitignore = .gitignore
		LICENSE.txt = LICENSE.txt
		README.md = README.md
	EndProjectSection
EndProject
Project("{F184B08F-C81C-45F6-A57F-5ABD9991F28F}") = "GeometryTests", "GeometryTests\GeometryTests.vbproj", "{84296EB1-3300-481F-93AD-DEF2D98A1681}"
EndProject
Global
	GlobalSection(SolutionConfigurationPlatforms) = preSolution
		Debug|Any CPU = Debug|Any CPU
		Release|Any CPU = Release|Any CPU
	EndGlobalSection
	GlobalSection(ProjectConfigurationPlatforms) = postSolution
		{4030DFDF-B8BC-4A3E-A351-DD179055DE17}.Debug|Any CPU.ActiveCfg = Debug|Any CPU
		{4030DFDF-B8BC-4A3E-A351-DD179055DE17}.Debug|Any CPU.Build.0 = Debug|Any CPU
		{4030DFDF-B8BC-4A3E-A351-DD179055DE17}.Release|Any CPU.ActiveCfg = Release|Any CPU
		{4030DFDF-B8BC-4A3E-A351-DD179055DE17}.Release|Any CPU.Build.0 = Release|Any CPU
		{84296EB1-3300-481F-93AD-DEF2D98A1681}.Debug|Any CPU.ActiveCfg = Debug|Any CPU
		{84296EB1-3300-481F-93AD-DEF2D98A1681}.Debug|Any CPU.Build.0 = Debug|Any CPU
		{84296EB1-3300-481F-93AD-DEF2D98A1681}.Release|Any CPU.ActiveCfg = Release|Any CPU
		{84296EB1-3300-481F-93AD-DEF2D98A1681}.Release|Any CPU.Build.0 = Release|Any CPU
	EndGlobalSection
	GlobalSection(SolutionProperties) = preSolution
		HideSolutionNode = FALSE
	EndGlobalSection
	GlobalSection(ExtensibilityGlobals) = postSolution
		SolutionGuid = {84A17DD7-744E-4C0D-994F-640BCCDD6A1A}
	EndGlobalSection
EndGlobal
